
Microsoft Visual Studio Solution File, Format Version 12.00
# Visual Studio Version 17
VisualStudioVersion = 17.1.32421.90
MinimumVisualStudioVersion = 10.0.40219.1
Project("{FAE04EC0-301F-11D3-BF4B-00C04F79EFBC}") = "ExtensionMethods", "ExtensionMethods\ExtensionMethods.csproj", "{ADA2C7F2-D673-4E5D-A716-7F2B315122DE}"
EndProject
Global
	GlobalSection(SolutionConfigurationPlatforms) = preSolution
		Debug|Any CPU = Debug|Any CPU
		Release|Any CPU = Release|Any CPU
	EndGlobalSection
	GlobalSection(ProjectConfigurationPlatforms) = postSolution
		{ADA2C7F2-D673-4E5D-A716-7F2B315122DE}.Debug|Any CPU.ActiveCfg = Debug|Any CPU
		{ADA2C7F2-D673-4E5D-A716-7F2B315122DE}.Debug|Any CPU.Build.0 = Debug|Any CPU
		{ADA2C7F2-D673-4E5D-A716-7F2B315122DE}.Release|Any CPU.ActiveCfg = Release|Any CPU
		{ADA2C7F2-D673-4E5D-A716-7F2B315122DE}.Release|Any CPU.Build.0 = Release|Any CPU
	EndGlobalSection
	GlobalSection(SolutionProperties) = preSolution
		HideSolutionNode = FALSE
	EndGlobalSection
	GlobalSection(ExtensibilityGlobals) = postSolution
		SolutionGuid = {D2FB16D5-5B4F-45F1-9DE3-601F0060A849}
	EndGlobalSection
EndGlobal
